{
  "name": "scoria-brandbook-tools",
  "version": "0.1.0",
  "lockfileVersion": 3,
  "requires": true,
  "packages": {
    "": {
      "name": "scoria-brandbook-tools",
      "version": "0.1.0",
      "dependencies": {
        "opentype.js": "^1.3.5",
        "wawoff2": "^2.0.1"
      },
      "engines": {
        "node": ">=18"
      }
    },
    "node_modules/argparse": {
      "version": "2.0.1",
      "resolved": "https://registry.npmjs.org/argparse/-/argparse-2.0.1.tgz",
      "integrity": "sha512-8+9WqebbFzpX9OR+Wa6O29asIogeRMzcGtAINdpMHHyAg10f05aSFVBbcEqGf/PXw1EjAZ+q2/bEBg3DvurK3Q==",
      "license": "Python-2.0"
    },
    "node_modules/opentype.js": {
      "version": "1.3.5",
      "resolved": "https://registry.npmjs.org/opentype.js/-/opentype.js-1.3.5.tgz",
      "integrity": "sha512-thKDiELidAApOvXlncrpwDZKJCa9fXLEKM4+FoEWI+qTLDeNb+h7EkN+8a7KQODsB1GZ+Exz9KknkoPrEdXZDw==",
      "deprecated": "This version should be ignored, it was meant to be published as 2.0.0 but got published as 1.3.5 by mistake. As of May 6th 2026 the latest v1 release is v1.3.4",
      "license": "MIT",
      "bin": {
        "ot": "bin/ot"
      }
    },
    "node_modules/wawoff2": {
      "version": "2.0.1",
      "resolved": "https://registry.npmjs.org/wawoff2/-/wawoff2-2.0.1.tgz",
      "integrity": "sha512-r0CEmvpH63r4T15ebFqeOjGqU4+EgTx4I510NtK35EMciSdcTxCw3Byy3JnBonz7iyIFZ0AbVo0bbFpEVuhCYA==",
      "license": "MIT",
      "dependencies": {
        "argparse": "^2.0.1"
      },
      "bin": {
        "woff2_compress.js": "bin/woff2_compress.js",
        "woff2_decompress.js": "bin/woff2_decompress.js"
      }
    }
  }
}
